
Microsoft Visual Studio Solution File, Format Version 12.00
# Visual Studio Version 17
VisualStudioVersion = 17.0.31903.59
MinimumVisualStudioVersion = 10.0.40219.1
Project("{9A19103F-16F7-4668-BE54-9A1E7A4F7556}") = "Illusionist.CLI", "src\Illusionist.CLI\Illusionist.CLI.csproj", "{C3D4E5F6-A7B8-9012-CDEF-345678901234}"
EndProject
Project("{9A19103F-16F7-4668-BE54-9A1E7A4F7556}") = "Illusionist.Tests", "tests\Illusionist.Tests.csproj", "{B2C3D4E5-F6A7-8901-BCDE-234567890123}"
EndProject
Project("{FAE04EC0-301F-11D3-BF4B-00C04F79EFBC}") = "Illusionist.Core", "src\Illusionist.Core\Illusionist.Core.csproj", "{02E499EB-BD35-EB5E-F2A9-B7601E6F4DAF}"
EndProject
Project("{2150E333-8FDC-42A3-9474-1A3956D46DE8}") = "src", "src", "{827E0CD3-B72D-47B6-A68D-7590B98EB39B}"
EndProject
Project("{FAE04EC0-301F-11D3-BF4B-00C04F79EFBC}") = "Illusionist.Service", "src\Illusionist.Service\Illusionist.Service.csproj", "{D9094AB9-A675-46DA-BD99-A6CBD35DDC6A}"
EndProject
Project("{2150E333-8FDC-42A3-9474-1A3956D46DE8}") = "tests", "tests", "{0AB3BF05-4346-4AA6-1389-037BE0695223}"
EndProject
Project("{FAE04EC0-301F-11D3-BF4B-00C04F79EFBC}") = "Illusionist.Service.Tests", "tests\Illusionist.Service.Tests\Illusionist.Service.Tests.csproj", "{898E1D9A-70B9-4074-BCDD-5C6B86F1A954}"
EndProject
Global
	GlobalSection(SolutionConfigurationPlatforms) = preSolution
		Debug|Any CPU = Debug|Any CPU
		Debug|x64 = Debug|x64
		Debug|x86 = Debug|x86
		Release|Any CPU = Release|Any CPU
		Release|x64 = Release|x64
		Release|x86 = Release|x86
	EndGlobalSection
	GlobalSection(ProjectConfigurationPlatforms) = postSolution
		{C3D4E5F6-A7B8-9012-CDEF-345678901234}.Debug|Any CPU.ActiveCfg = Debug|Any CPU
		{C3D4E5F6-A7B8-9012-CDEF-345678901234}.Debug|Any CPU.Build.0 = Debug|Any CPU
		{C3D4E5F6-A7B8-9012-CDEF-345678901234}.Debug|x64.ActiveCfg = Debug|Any CPU
		{C3D4E5F6-A7B8-9012-CDEF-345678901234}.Debug|x64.Build.0 = Debug|Any CPU
		{C3D4E5F6-A7B8-9012-CDEF-345678901234}.Debug|x86.ActiveCfg = Debug|Any CPU
		{C3D4E5F6-A7B8-9012-CDEF-345678901234}.Debug|x86.Build.0 = Debug|Any CPU
		{C3D4E5F6-A7B8-9012-CDEF-345678901234}.Release|Any CPU.ActiveCfg = Release|Any CPU
		{C3D4E5F6-A7B8-9012-CDEF-345678901234}.Release|Any CPU.Build.0 = Release|Any CPU
		{C3D4E5F6-A7B8-9012-CDEF-345678901234}.Release|x64.ActiveCfg = Release|Any CPU
		{C3D4E5F6-A7B8-9012-CDEF-345678901234}.Release|x64.Build.0 = Release|Any CPU
		{C3D4E5F6-A7B8-9012-CDEF-345678901234}.Release|x86.ActiveCfg = Release|Any CPU
		{C3D4E5F6-A7B8-9012-CDEF-345678901234}.Release|x86.Build.0 = Release|Any CPU
		{B2C3D4E5-F6A7-8901-BCDE-234567890123}.Debug|Any CPU.ActiveCfg = Debug|Any CPU
		{B2C3D4E5-F6A7-8901-BCDE-234567890123}.Debug|Any CPU.Build.0 = Debug|Any CPU
		{B2C3D4E5-F6A7-8901-BCDE-234567890123}.Debug|x64.ActiveCfg = Debug|Any CPU
		{B2C3D4E5-F6A7-8901-BCDE-234567890123}.Debug|x64.Build.0 = Debug|Any CPU
		{B2C3D4E5-F6A7-8901-BCDE-234567890123}.Debug|x86.ActiveCfg = Debug|Any CPU
		{B2C3D4E5-F6A7-8901-BCDE-234567890123}.Debug|x86.Build.0 = Debug|Any CPU
		{B2C3D4E5-F6A7-8901-BCDE-234567890123}.Release|Any CPU.ActiveCfg = Release|Any CPU
		{B2C3D4E5-F6A7-8901-BCDE-234567890123}.Release|Any CPU.Build.0 = Release|Any CPU
		{B2C3D4E5-F6A7-8901-BCDE-234567890123}.Release|x64.ActiveCfg = Release|Any CPU
		{B2C3D4E5-F6A7-8901-BCDE-234567890123}.Release|x64.Build.0 = Release|Any CPU
		{B2C3D4E5-F6A7-8901-BCDE-234567890123}.Release|x86.ActiveCfg = Release|Any CPU
		{B2C3D4E5-F6A7-8901-BCDE-234567890123}.Release|x86.Build.0 = Release|Any CPU
		{02E499EB-BD35-EB5E-F2A9-B7601E6F4DAF}.Debug|Any CPU.ActiveCfg = Debug|Any CPU
		{02E499EB-BD35-EB5E-F2A9-B7601E6F4DAF}.Debug|Any CPU.Build.0 = Debug|Any CPU
		{02E499EB-BD35-EB5E-F2A9-B7601E6F4DAF}.Debug|x64.ActiveCfg = Debug|Any CPU
		{02E499EB-BD35-EB5E-F2A9-B7601E6F4DAF}.Debug|x64.Build.0 = Debug|Any CPU
		{02E499EB-BD35-EB5E-F2A9-B7601E6F4DAF}.Debug|x86.ActiveCfg = Debug|Any CPU
		{02E499EB-BD35-EB5E-F2A9-B7601E6F4DAF}.Debug|x86.Build.0 = Debug|Any CPU
		{02E499EB-BD35-EB5E-F2A9-B7601E6F4DAF}.Release|Any CPU.ActiveCfg = Release|Any CPU
		{02E499EB-BD35-EB5E-F2A9-B7601E6F4DAF}.Release|Any CPU.Build.0 = Release|Any CPU
		{02E499EB-BD35-EB5E-F2A9-B7601E6F4DAF}.Release|x64.ActiveCfg = Release|Any CPU
		{02E499EB-BD35-EB5E-F2A9-B7601E6F4DAF}.Release|x64.Build.0 = Release|Any CPU
		{02E499EB-BD35-EB5E-F2A9-B7601E6F4DAF}.Release|x86.ActiveCfg = Release|Any CPU
		{02E499EB-BD35-EB5E-F2A9-B7601E6F4DAF}.Release|x86.Build.0 = Release|Any CPU
		{D9094AB9-A675-46DA-BD99-A6CBD35DDC6A}.Debug|Any CPU.ActiveCfg = Debug|Any CPU
		{D9094AB9-A675-46DA-BD99-A6CBD35DDC6A}.Debug|Any CPU.Build.0 = Debug|Any CPU
		{D9094AB9-A675-46DA-BD99-A6CBD35DDC6A}.Debug|x64.ActiveCfg = Debug|Any CPU
		{D9094AB9-A675-46DA-BD99-A6CBD35DDC6A}.Debug|x64.Build.0 = Debug|Any CPU
		{D9094AB9-A675-46DA-BD99-A6CBD35DDC6A}.Debug|x86.ActiveCfg = Debug|Any CPU
		{D9094AB9-A675-46DA-BD99-A6CBD35DDC6A}.Debug|x86.Build.0 = Debug|Any CPU
		{D9094AB9-A675-46DA-BD99-A6CBD35DDC6A}.Release|Any CPU.ActiveCfg = Release|Any CPU
		{D9094AB9-A675-46DA-BD99-A6CBD35DDC6A}.Release|Any CPU.Build.0 = Release|Any CPU
		{D9094AB9-A675-46DA-BD99-A6CBD35DDC6A}.Release|x64.ActiveCfg = Release|Any CPU
		{D9094AB9-A675-46DA-BD99-A6CBD35DDC6A}.Release|x64.Build.0 = Release|Any CPU
		{D9094AB9-A675-46DA-BD99-A6CBD35DDC6A}.Release|x86.ActiveCfg = Release|Any CPU
		{D9094AB9-A675-46DA-BD99-A6CBD35DDC6A}.Release|x86.Build.0 = Release|Any CPU
		{898E1D9A-70B9-4074-BCDD-5C6B86F1A954}.Debug|Any CPU.ActiveCfg = Debug|Any CPU
		{898E1D9A-70B9-4074-BCDD-5C6B86F1A954}.Debug|Any CPU.Build.0 = Debug|Any CPU
		{898E1D9A-70B9-4074-BCDD-5C6B86F1A954}.Debug|x64.ActiveCfg = Debug|Any CPU
		{898E1D9A-70B9-4074-BCDD-5C6B86F1A954}.Debug|x64.Build.0 = Debug|Any CPU
		{898E1D9A-70B9-4074-BCDD-5C6B86F1A954}.Debug|x86.ActiveCfg = Debug|Any CPU
		{898E1D9A-70B9-4074-BCDD-5C6B86F1A954}.Debug|x86.Build.0 = Debug|Any CPU
		{898E1D9A-70B9-4074-BCDD-5C6B86F1A954}.Release|Any CPU.ActiveCfg = Release|Any CPU
		{898E1D9A-70B9-4074-BCDD-5C6B86F1A954}.Release|Any CPU.Build.0 = Release|Any CPU
		{898E1D9A-70B9-4074-BCDD-5C6B86F1A954}.Release|x64.ActiveCfg = Release|Any CPU
		{898E1D9A-70B9-4074-BCDD-5C6B86F1A954}.Release|x64.Build.0 = Release|Any CPU
		{898E1D9A-70B9-4074-BCDD-5C6B86F1A954}.Release|x86.ActiveCfg = Release|Any CPU
		{898E1D9A-70B9-4074-BCDD-5C6B86F1A954}.Release|x86.Build.0 = Release|Any CPU
	EndGlobalSection
	GlobalSection(SolutionProperties) = preSolution
		HideSolutionNode = FALSE
	EndGlobalSection
	GlobalSection(NestedProjects) = preSolution
		{D9094AB9-A675-46DA-BD99-A6CBD35DDC6A} = {827E0CD3-B72D-47B6-A68D-7590B98EB39B}
		{898E1D9A-70B9-4074-BCDD-5C6B86F1A954} = {0AB3BF05-4346-4AA6-1389-037BE0695223}
	EndGlobalSection
EndGlobal
